
Microsoft Visual Studio Solution File, Format Version 12.00
# Visual Studio 2015
Project("{FAE04EC0-301F-11D3-BF4B-00C04F79EFBC}") = "Majikkuran.CSharp", "Majikkuran.CSharp.csproj", "{4BBF9880-2F0A-411F-2BD6-3E3FDD71EF4B}"
EndProject
Global
	GlobalSection(SolutionConfigurationPlatforms) = preSolution
		Debug|Any CPU = Debug|Any CPU
		Release|Any CPU = Release|Any CPU
	EndGlobalSection
	GlobalSection(ProjectConfigurationPlatforms) = postSolution
		{4BBF9880-2F0A-411F-2BD6-3E3FDD71EF4B}.Debug|Any CPU.ActiveCfg = Debug|Any CPU
		{4BBF9880-2F0A-411F-2BD6-3E3FDD71EF4B}.Debug|Any CPU.Build.0 = Debug|Any CPU
		{4BBF9880-2F0A-411F-2BD6-3E3FDD71EF4B}.Release|Any CPU.ActiveCfg = Release|Any CPU
		{4BBF9880-2F0A-411F-2BD6-3E3FDD71EF4B}.Release|Any CPU.Build.0 = Release|Any CPU
	EndGlobalSection
	GlobalSection(SolutionProperties) = preSolution
		HideSolutionNode = FALSE
	EndGlobalSection
EndGlobal
